// !$*UTF8*$!
{
	archiveVersion = 1;
	classes = {
	};
	objectVersion = 50;
	objects = {

/* Begin PBXBuildFile section */
		82EBFED621F51F320001D7DF /* AppDelegate.swift in Sources */ = {isa = PBXBuildFile; fileRef = 82EBFED521F51F320001D7DF /* AppDelegate.swift */; };
		82EBFED821F51F320001D7DF /* ViewController.swift in Sources */ = {isa = PBXBuildFile; fileRef = 82EBFED721F51F320001D7DF /* ViewController.swift */; };
		82EBFEDB21F51F320001D7DF /* Main.storyboard in Resources */ = {isa = PBXBuildFile; fileRef = 82EBFED921F51F320001D7DF /* Main.storyboard */; };
		82EBFEDD21F51F320001D7DF /* Assets.xcassets in Resources */ = {isa = PBXBuildFile; fileRef = 82EBFEDC21F51F320001D7DF /* Assets.xcassets */; };
		82EBFEE021F51F320001D7DF /* LaunchScreen.storyboard in Resources */ = {isa = PBXBuildFile; fileRef = 82EBFEDE21F51F320001D7DF /* LaunchScreen.storyboard */; };
		82EBFEE821F521150001D7DF /* Kenny.jpg in Resources */ = {isa = PBXBuildFile; fileRef = 82EBFEE721F521150001D7DF /* Kenny.jpg */; };
/* End PBXBuildFile section */

/* Begin PBXFileReference section */
		82EBFED221F51F320001D7DF /* catch the kenny.app */ = {isa = PBXFileReference; explicitFileType = wrapper.application; includeInIndex = 0; path = "catch the kenny.app"; sourceTree = BUILT_PRODUCTS_DIR; };
		82EBFED521F51F320001D7DF /* AppDelegate.swift */ = {isa = PBXFileReference; lastKnownFileType = sourcecode.swift; path = AppDelegate.swift; sourceTree = "<group>"; };
		82EBFED721F51F320001D7DF /* ViewController.swift */ = {isa = PBXFileReference; lastKnownFileType = sourcecode.swift; path = ViewController.swift; sourceTree = "<group>"; };
		82EBFEDA21F51F320001D7DF /* Base */ = {isa = PBXFileReference; lastKnownFileType = file.storyboard; name = Base; path = Base.lproj/Main.storyboard; sourceTree = "<group>"; };
		82EBFEDC21F51F320001D7DF /* Assets.xcassets */ = {isa = PBXFileReference; lastKnownFileType = folder.assetcatalog; path = Assets.xcassets; sourceTree = "<group>"; };
		82EBFEDF21F51F320001D7DF /* Base */ = {isa = PBXFileReference; lastKnownFileType = file.storyboard; name = Base; path = Base.lproj/LaunchScreen.storyboard; sourceTree = "<group>"; };
		82EBFEE121F51F320001D7DF /* Info.plist */ = {isa = PBXFileReference; lastKnownFileType = text.plist.xml; path = Info.plist; sourceTree = "<group>"; };
		82EBFEE721F521150001D7DF /* Kenny.jpg */ = {isa = PBXFileReference; lastKnownFileType = image.jpeg; path = Kenny.jpg; sourceTree = "<group>"; };
/* End PBXFileReference section */

/* Begin PBXFrameworksBuildPhase section */
		82EBFECF21F51F320001D7DF /* Frameworks */ = {
			isa = PBXFrameworksBuildPhase;
			buildActionMask = 2147483647;
			files = (
			);
			runOnlyForDeploymentPostprocessing = 0;
		};
/* End PBXFrameworksBuildPhase section */

/* Begin PBXGroup section */
		82EBFEC921F51F320001D7DF = {
			isa = PBXGroup;
			children = (
				82EBFED421F51F320001D7DF /* catch the kenny */,
				82EBFED321F51F320001D7DF /* Products */,
			);
			sourceTree = "<group>";
		};
		82EBFED321F51F320001D7DF /* Products */ = {
			isa = PBXGroup;
			children = (
				82EBFED221F51F320001D7DF /* catch the kenny.app */,
			);
			name = Products;
			sourceTree = "<group>";
		};
		82EBFED421F51F320001D7DF /* catch the kenny */ = {
			isa = PBXGroup;
			children = (
				82EBFED521F51F320001D7DF /* AppDelegate.swift */,
				82EBFED721F51F320001D7DF /* ViewController.swift */,
				82EBFED921F51F320001D7DF /* Main.storyboard */,
				82EBFEDC21F51F320001D7DF /* Assets.xcassets */,
				82EBFEDE21F51F320001D7DF /* LaunchScreen.storyboard */,
				82EBFEE121F51F320001D7DF /* Info.plist */,
				82EBFEE721F521150001D7DF /* Kenny.jpg */,
			);
			path = "catch the kenny";
			sourceTree = "<group>";
		};
/* End PBXGroup section */

/* Begin PBXNativeTarget section */
		82EBFED121F51F320001D7DF /* catch the kenny */ = {
			isa = PBXNativeTarget;
			buildConfigurationList = 82EBFEE421F51F320001D7DF /* Build configuration list for PBXNativeTarget "catch the kenny" */;
			buildPhases = (
				82EBFECE21F51F320001D7DF /* Sources */,
				82EBFECF21F51F320001D7DF /* Frameworks */,
				82EBFED021F51F320001D7DF /* Resources */,
			);
			buildRules = (
			);
			dependencies = (
			);
			name = "catch the kenny";
			productName = "catch the kenny";
			productReference = 82EBFED221F51F320001D7DF /* catch the kenny.app */;
			productType = "com.apple.product-type.application";
		};
/* End PBXNativeTarget section */

/* Begin PBXProject section */
		82EBFECA21F51F320001D7DF /* Project object */ = {
			isa = PBXProject;
			attributes = {
				LastSwiftUpdateCheck = 1010;
				LastUpgradeCheck = 1010;
				ORGANIZATIONNAME = none;
				TargetAttributes = {
					82EBFED121F51F320001D7DF = {
						CreatedOnToolsVersion = 10.1;
					};
				};
			};
			buildConfigurationList = 82EBFECD21F51F320001D7DF /* Build configuration list for PBXProject "catch the kenny" */;
			compatibilityVersion = "Xcode 9.3";
			developmentRegion = en;
			hasScannedForEncodings = 0;
			knownRegions = (
				en,
				Base,
			);
			mainGroup = 82EBFEC921F51F320001D7DF;
			productRefGroup = 82EBFED321F51F320001D7DF /* Products */;
			projectDirPath = "";
			projectRoot = "";
			targets = (
				82EBFED121F51F320001D7DF /* catch the kenny */,
			);
		};
/* End PBXProject section */

/* Begin PBXResourcesBuildPhase section */
		82EBFED021F51F320001D7DF /* Resources */ = {
			isa = PBXResourcesBuildPhase;
			buildActionMask = 2147483647;
			files = (
				82EBFEE021F51F320001D7DF /* LaunchScreen.storyboard in Resources */,
				82EBFEE821F521150001D7DF /* Kenny.jpg in Resources */,
				82EBFEDD21F51F320001D7DF /* Assets.xcassets in Resources */,
				82EBFEDB21F51F320001D7DF /* Main.storyboard in Resources */,
			);
			runOnlyForDeploymentPostprocessing = 0;
		};
/* End PBXResourcesBuildPhase section */

/* Begin PBXSourcesBuildPhase section */
		82EBFECE21F51F320001D7DF /* Sources */ = {
			isa = PBXSourcesBuildPhase;
			buildActionMask = 2147483647;
			files = (
				82EBFED821F51F320001D7DF /* ViewController.swift in Sources */,
				82EBFED621F51F320001D7DF /* AppDelegate.swift in Sources */,
			);
			runOnlyForDeploymentPostprocessing = 0;
		};
/* End PBXSourcesBuildPhase section */

/* Begin PBXVariantGroup section */
		82EBFED921F51F320001D7DF /* Main.storyboard */ = {
			isa = PBXVariantGroup;
			children = (
				82EBFEDA21F51F320001D7DF /* Base */,
			);
			name = Main.storyboard;
			sourceTree = "<group>";
		};
		82EBFEDE21F51F320001D7DF /* LaunchScreen.storyboard */ = {
			isa = PBXVariantGroup;
			children = (
				82EBFEDF21F51F320001D7DF /* Base */,
			);
			name = LaunchScreen.storyboard;
			sourceTree = "<group>";
		};
/* End PBXVariantGroup section */

/* Begin XCBuildConfiguration section */
		82EBFEE221F51F320001D7DF /* Debug */ = {
			isa = XCBuildConfiguration;
			buildSettings = {
				ALWAYS_SEARCH_USER_PATHS = NO;
				CLANG_ANALYZER_NONNULL = YES;
				CLANG_ANALYZER_NUMBER_OBJECT_CONVERSION = YES_AGGRESSIVE;
				CLANG_CXX_LANGUAGE_STANDARD = "gnu++14";
				CLANG_CXX_LIBRARY = "libc++";
				CLANG_ENABLE_MODULES = YES;
				CLANG_ENABLE_OBJC_ARC = YES;
				CLANG_ENABLE_OBJC_WEAK = YES;
				CLANG_WARN_BLOCK_CAPTURE_AUTORELEASING = YES;
				CLANG_WARN_BOOL_CONVERSION = YES;
				CLANG_WARN_COMMA = YES;
				CLANG_WARN_CONSTANT_CONVERSION = YES;
				CLANG_WARN_DEPRECATED_OBJC_IMPLEMENTATIONS = YES;
				CLANG_WARN_DIRECT_OBJC_ISA_USAGE = YES_ERROR;
				CLANG_WARN_DOCUMENTATION_COMMENTS = YES;
				CLANG_WARN_EMPTY_BODY = YES;
				CLANG_WARN_ENUM_CONVERSION = YES;
				CLANG_WARN_INFINITE_RECURSION = YES;
				CLANG_WARN_INT_CONVERSION = YES;
				CLANG_WARN_NON_LITERAL_NULL_CONVERSION = YES;
				CLANG_WARN_OBJC_IMPLICIT_RETAIN_SELF = YES;
				CLANG_WARN_OBJC_LITERAL_CONVERSION = YES;
				CLANG_WARN_OBJC_ROOT_CLASS = YES_ERROR;
				CLANG_WARN_RANGE_LOOP_ANALYSIS = YES;
				CLANG_WARN_STRICT_PROTOTYPES = YES;
				CLANG_WARN_SUSPICIOUS_MOVE = YES;
				CLANG_WARN_UNGUARDED_AVAILABILITY = YES_AGGRESSIVE;
				CLANG_WARN_UNREACHABLE_CODE = YES;
				CLANG_WARN__DUPLICATE_METHOD_MATCH = YES;
				CODE_SIGN_IDENTITY = "iPhone Developer";
				COPY_PHASE_STRIP = NO;
				DEBUG_INFORMATION_FORMAT = dwarf;
				ENABLE_STRICT_OBJC_MSGSEND = YES;
				ENABLE_TESTABILITY = YES;
				GCC_C_LANGUAGE_STANDARD = gnu11;
				GCC_DYNAMIC_NO_PIC = NO;
				GCC_NO_COMMON_BLOCKS = YES;
				GCC_OPTIMIZATION_LEVEL = 0;
				GCC_PREPROCESSOR_DEFINITIONS = (
					"DEBUG=1",
					"$(inherited)",
				);
				GCC_WARN_64_TO_32_BIT_CONVERSION = YES;
				GCC_WARN_ABOUT_RETURN_TYPE = YES_ERROR;
				GCC_WARN_UNDECLARED_SELECTOR = YES;
				GCC_WARN_UNINITIALIZED_AUTOS = YES_AGGRESSIVE;
				GCC_WARN_UNUSED_FUNCTION = YES;
				GCC_WARN_UNUSED_VARIABLE = YES;
				IPHONEOS_DEPLOYMENT_TARGET = 12.1;
				MTL_ENABLE_DEBUG_INFO = INCLUDE_SOURCE;
				MTL_FAST_MATH = YES;
				ONLY_ACTIVE_ARCH = YES;
				SDKROOT = iphoneos;
				SWIFT_ACTIVE_COMPILATION_CONDITIONS = DEBUG;
				SWIFT_OPTIMIZATION_LEVEL = "-Onone";
			};
			name = Debug;
		};
		82EBFEE321F51F320001D7DF /* Release */ = {
			isa = XCBuildConfiguration;
			buildSettings = {
				ALWAYS_SEARCH_USER_PATHS = NO;
				CLANG_ANALYZER_NONNULL = YES;
				CLANG_ANALYZER_NUMBER_OBJECT_CONVERSION = YES_AGGRESSIVE;
				CLANG_CXX_LANGUAGE_STANDARD = "gnu++14";
				CLANG_CXX_LIBRARY = "libc++";
				CLANG_ENABLE_MODULES = YES;
				CLANG_ENABLE_OBJC_ARC = YES;
				CLANG_ENABLE_OBJC_WEAK = YES;
				CLANG_WARN_BLOCK_CAPTURE_AUTORELEASING = YES;
				CLANG_WARN_BOOL_CONVERSION = YES;
				CLANG_WARN_COMMA = YES;
				CLANG_WARN_CONSTANT_CONVERSION = YES;
				CLANG_WARN_DEPRECATED_OBJC_IMPLEMENTATIONS = YES;
				CLANG_WARN_DIRECT_OBJC_ISA_USAGE = YES_ERROR;
				CLANG_WARN_DOCUMENTATION_COMMENTS = YES;
				CLANG_WARN_EMPTY_BODY = YES;
				CLANG_WARN_ENUM_CONVERSION = YES;
				CLANG_WARN_INFINITE_RECURSION = YES;
				CLANG_WARN_INT_CONVERSION = YES;
				CLANG_WARN_NON_LITERAL_NULL_CONVERSION = YES;
				CLANG_WARN_OBJC_IMPLICIT_RETAIN_SELF = YES;
				CLANG_WARN_OBJC_LITERAL_CONVERSION = YES;
				CLANG_WARN_OBJC_ROOT_CLASS = YES_ERROR;
				CLANG_WARN_RANGE_LOOP_ANALYSIS = YES;
				CLANG_WARN_STRICT_PROTOTYPES = YES;
				CLANG_WARN_SUSPICIOUS_MOVE = YES;
				CLANG_WARN_UNGUARDED_AVAILABILITY = YES_AGGRESSIVE;
				CLANG_WARN_UNREACHABLE_CODE = YES;
				CLANG_WARN__DUPLICATE_METHOD_MATCH = YES;
				CODE_SIGN_IDENTITY = "iPhone Developer";
				COPY_PHASE_STRIP = NO;
				DEBUG_INFORMATION_FORMAT = "dwarf-with-dsym";
				ENABLE_NS_ASSERTIONS = NO;
				ENABLE_STRICT_OBJC_MSGSEND = YES;
				GCC_C_LANGUAGE_STANDARD = gnu11;
				GCC_NO_COMMON_BLOCKS = YES;
				GCC_WARN_64_TO_32_BIT_CONVERSION = YES;
				GCC_WARN_ABOUT_RETURN_TYPE = YES_ERROR;
				GCC_WARN_UNDECLARED_SELECTOR = YES;
				GCC_WARN_UNINITIALIZED_AUTOS = YES_AGGRESSIVE;
				GCC_WARN_UNUSED_FUNCTION = YES;
				GCC_WARN_UNUSED_VARIABLE = YES;
				IPHONEOS_DEPLOYMENT_TARGET = 12.1;
				MTL_ENABLE_DEBUG_INFO = NO;
				MTL_FAST_MATH = YES;
				SDKROOT = iphoneos;
				SWIFT_COMPILATION_MODE = wholemodule;
				SWIFT_OPTIMIZATION_LEVEL = "-O";
				VALIDATE_PRODUCT = YES;
			};
			name = Release;
		};
		82EBFEE521F51F320001D7DF /* Debug */ = {
			isa = XCBuildConfiguration;
			buildSettings = {
				ASSETCATALOG_COMPILER_APPICON_NAME = AppIcon;
				CODE_SIGN_STYLE = Automatic;
				INFOPLIST_FILE = "catch the kenny/Info.plist";
				LD_RUNPATH_SEARCH_PATHS = (
					"$(inherited)",
					"@executable_path/Frameworks",
				);
				PRODUCT_BUNDLE_IDENTIFIER = "com.age.catch-the-kenny";
				PRODUCT_NAME = "$(TARGET_NAME)";
				SWIFT_VERSION = 4.2;
				TARGETED_DEVICE_FAMILY = "1,2";
			};
			name = Debug;
		};
		82EBFEE621F51F320001D7DF /* Release */ = {
			isa = XCBuildConfiguration;
			buildSettings = {
				ASSETCATALOG_COMPILER_APPICON_NAME = AppIcon;
				CODE_SIGN_STYLE = Automatic;
				INFOPLIST_FILE = "catch the kenny/Info.plist";
				LD_RUNPATH_SEARCH_PATHS = (
					"$(inherited)",
					"@executable_path/Frameworks",
				);
				PRODUCT_BUNDLE_IDENTIFIER = "com.age.catch-the-kenny";
				PRODUCT_NAME = "$(TARGET_NAME)";
				SWIFT_VERSION = 4.2;
				TARGETED_DEVICE_FAMILY = "1,2";
			};
			name = Release;
		};
/* End XCBuildConfiguration section */

/* Begin XCConfigurationList section */
		82EBFECD21F51F320001D7DF /* Build configuration list for PBXProject "catch the kenny" */ = {
			isa = XCConfigurationList;
			buildConfigurations = (
				82EBFEE221F51F320001D7DF /* Debug */,
				82EBFEE321F51F320001D7DF /* Release */,
			);
			defaultConfigurationIsVisible = 0;
			defaultConfigurationName = Release;
		};
		82EBFEE421F51F320001D7DF /* Build configuration list for PBXNativeTarget "catch the kenny" */ = {
			isa = XCConfigurationList;
			buildConfigurations = (
				82EBFEE521F51F320001D7DF /* Debug */,
				82EBFEE621F51F320001D7DF /* Release */,
			);
			defaultConfigurationIsVisible = 0;
			defaultConfigurationName = Release;
		};
/* End XCConfigurationList section */
	};
	rootObject = 82EBFECA21F51F320001D7DF /* Project object */;
}
